PODS:
  - Flutter (1.0.0)
  - media_kit_video (0.0.1):
    - Flutter
  - webcrypto (0.1.1):
    - Flutter
    - FlutterMacOS

DEPENDENCIES:
  - Flutter (from `Flutter`)
  - media_kit_video (from `.symlinks/plugins/media_kit_video/ios`)
  - webcrypto (from `.symlinks/plugins/webcrypto/darwin`)

EXTERNAL SOURCES:
  Flutter:
    :path: Flutter
  media_kit_video:
    :path: ".symlinks/plugins/media_kit_video/ios"
  webcrypto:
    :path: ".symlinks/plugins/webcrypto/darwin"

SPEC CHECKSUMS:
  Flutter: 71a624a5bc0c04062bf19101d501e466baf2fb47
  media_kit_video: f3b0d035d89def15cfbbcf7dc2ae278f201e2f83
  webcrypto: a5f5eb3e375cf0a99993e207e97cdcab5c94ce2e

PODFILE CHECKSUM: cb4c43f0ab93ac952d26c6dbae3846c3135e7e73

COCOAPODS: 1.17.0
