PODS:
  - CryptoSwift (1.10.0)
  - Flutter (1.0.0)
  - flutter_callkit_incoming (0.0.1):
    - CryptoSwift
    - Flutter
  - flutter_vodozemac (0.0.1):
    - Flutter
  - flutter_webrtc (1.4.0):
    - Flutter
    - WebRTC-SDK (= 144.7559.01)
  - livekit_client (2.7.0):
    - Flutter
    - flutter_webrtc
    - WebRTC-SDK (= 144.7559.01)
  - media_kit_libs_ios_video (1.0.4):
    - Flutter
  - media_kit_video (0.0.1):
    - Flutter
  - permission_handler_apple (9.3.0):
    - Flutter
  - webcrypto (0.1.1):
    - Flutter
    - FlutterMacOS
  - WebRTC-SDK (144.7559.01)

DEPENDENCIES:
  - Flutter (from `Flutter`)
  - flutter_callkit_incoming (from `.symlinks/plugins/flutter_callkit_incoming/ios`)
  - flutter_vodozemac (from `.symlinks/plugins/flutter_vodozemac/ios`)
  - flutter_webrtc (from `.symlinks/plugins/flutter_webrtc/ios`)
  - livekit_client (from `.symlinks/plugins/livekit_client/ios`)
  - media_kit_libs_ios_video (from `.symlinks/plugins/media_kit_libs_ios_video/ios`)
  - media_kit_video (from `.symlinks/plugins/media_kit_video/ios`)
  - permission_handler_apple (from `.symlinks/plugins/permission_handler_apple/ios`)
  - webcrypto (from `.symlinks/plugins/webcrypto/darwin`)

SPEC REPOS:
  trunk:
    - CryptoSwift
    - WebRTC-SDK

EXTERNAL SOURCES:
  Flutter:
    :path: Flutter
  flutter_callkit_incoming:
    :path: ".symlinks/plugins/flutter_callkit_incoming/ios"
  flutter_vodozemac:
    :path: ".symlinks/plugins/flutter_vodozemac/ios"
  flutter_webrtc:
    :path: ".symlinks/plugins/flutter_webrtc/ios"
  livekit_client:
    :path: ".symlinks/plugins/livekit_client/ios"
  media_kit_libs_ios_video:
    :path: ".symlinks/plugins/media_kit_libs_ios_video/ios"
  media_kit_video:
    :path: ".symlinks/plugins/media_kit_video/ios"
  permission_handler_apple:
    :path: ".symlinks/plugins/permission_handler_apple/ios"
  webcrypto:
    :path: ".symlinks/plugins/webcrypto/darwin"

SPEC CHECKSUMS:
  CryptoSwift: e2e7776512f250e66205955da748e7a4e4abffe0
  Flutter: cabc95a1d2626b1b06e7179b784ebcf0c0cde467
  flutter_callkit_incoming: cb8138af67cda6dd981f7101a5d709003af21502
  flutter_vodozemac: 46015daf07988356d46784d05ab0c7afca00ff36
  flutter_webrtc: ec91d94b484ad49cf191ef93413f64a40ffd3b4c
  livekit_client: 9b9a08c5c78f694ac6a9e70c1c269704ba574b73
  media_kit_libs_ios_video: 5a18affdb97d1f5d466dc79988b13eff6c5e2854
  media_kit_video: 1746e198cb697d1ffb734b1d05ec429d1fcd1474
  permission_handler_apple: 4ed2196e43d0651e8ff7ca3483a069d469701f2d
  webcrypto: a5f5eb3e375cf0a99993e207e97cdcab5c94ce2e
  WebRTC-SDK: ab9b5319e458c2bfebdc92b3600740da35d5630d

PODFILE CHECKSUM: cdc04c4a97433c1a4d9dbd755a1cc6c60e8c2b30

COCOAPODS: 1.16.2
